# This file is autogenerated, do not edit; changes may be undone by the next 'dep ensure'.


[[projects]]
  name = "github.com/bwmarrin/discordgo"
  packages = ["."]
  revision = "4a33b9bc7c56cfdb9bb244e33e83cb3941fe2bdc"
  version = "v0.18.0"

[[projects]]
  name = "github.com/gorilla/websocket"
  packages = ["."]
  revision = "ea4d1f681babbce9545c9c5f3d5194a789c89f5b"
  version = "v1.2.0"

[[projects]]
  branch = "master"
  name = "github.com/joeshaw/envdecode"
  packages = ["."]
  revision = "c9e0158544672841c3ebf49308f536d918f2e525"

[[projects]]
  branch = "master"
  name = "golang.org/x/crypto"
  packages = [
    "nacl/secretbox",
    "poly1305",
    "salsa20/salsa"
  ]
  revision = "b2aa35443fbc700ab74c586ae79b81c171851023"

[solve-meta]
  analyzer-name = "dep"
  analyzer-version = 1
  inputs-digest = "4761319f47273c49b778269beeb2b2a1d591a37ae678fa40e02bf8227293036d"
  solver-name = "gps-cdcl"
  solver-version = 1
